
Microsoft Visual Studio Solution File, Format Version 12.00
# Visual Studio Version 16
VisualStudioVersion = 16.0.29411.108
MinimumVisualStudioVersion = 10.0.40219.1
Project("{FAE04EC0-301F-11D3-BF4B-00C04F79EFBC}") = "ES04_WEBSERVICES", "ES04_WEBSERVICES\ES04_WEBSERVICES.csproj", "{FAB5D3D9-CCDD-4DA6-9CDF-BE90724E4D16}"
EndProject
Global
	GlobalSection(SolutionConfigurationPlatforms) = preSolution
		Debug|Any CPU = Debug|Any CPU
		Release|Any CPU = Release|Any CPU
	EndGlobalSection
	GlobalSection(ProjectConfigurationPlatforms) = postSolution
		{FAB5D3D9-CCDD-4DA6-9CDF-BE90724E4D16}.Debug|Any CPU.ActiveCfg = Debug|Any CPU
		{FAB5D3D9-CCDD-4DA6-9CDF-BE90724E4D16}.Debug|Any CPU.Build.0 = Debug|Any CPU
		{FAB5D3D9-CCDD-4DA6-9CDF-BE90724E4D16}.Release|Any CPU.ActiveCfg = Release|Any CPU
		{FAB5D3D9-CCDD-4DA6-9CDF-BE90724E4D16}.Release|Any CPU.Build.0 = Release|Any CPU
	EndGlobalSection
	GlobalSection(SolutionProperties) = preSolution
		HideSolutionNode = FALSE
	EndGlobalSection
	GlobalSection(ExtensibilityGlobals) = postSolution
		SolutionGuid = {61EF71E3-7E4B-4A47-8D15-D7D7591B29D5}
	EndGlobalSection
EndGlobal
